// !$*UTF8*$!
{
	archiveVersion = 1;
	classes = {
	};
	objectVersion = 56;
	objects = {

/* Begin PBXBuildFile section */
		0417D06829007365008233DB /* AppDelegate.swift in Sources */ = {isa = PBXBuildFile; fileRef = 0417D06729007365008233DB /* AppDelegate.swift */; };
		0417D06A29007365008233DB /* SceneDelegate.swift in Sources */ = {isa = PBXBuildFile; fileRef = 0417D06929007365008233DB /* SceneDelegate.swift */; };
		0417D06F29007365008233DB /* Main.storyboard in Resources */ = {isa = PBXBuildFile; fileRef = 0417D06D29007365008233DB /* Main.storyboard */; };
		0417D07129007367008233DB /* Assets.xcassets in Resources */ = {isa = PBXBuildFile; fileRef = 0417D07029007367008233DB /* Assets.xcassets */; };
		0417D07429007367008233DB /* LaunchScreen.storyboard in Resources */ = {isa = PBXBuildFile; fileRef = 0417D07229007367008233DB /* LaunchScreen.storyboard */; };
		0417D07D2902FEEF008233DB /* User.swift in Sources */ = {isa = PBXBuildFile; fileRef = 0417D07C2902FEEF008233DB /* User.swift */; };
		0417D08129046A51008233DB /* GoogleService-Info.plist in Resources */ = {isa = PBXBuildFile; fileRef = 0417D08029046A51008233DB /* GoogleService-Info.plist */; };
		0417D08429046D6C008233DB /* FirebaseFirestore in Frameworks */ = {isa = PBXBuildFile; productRef = 0417D08329046D6C008233DB /* FirebaseFirestore */; };
		0417D08629046D6C008233DB /* FirebaseFirestoreCombine-Community in Frameworks */ = {isa = PBXBuildFile; productRef = 0417D08529046D6C008233DB /* FirebaseFirestoreCombine-Community */; };
		0417D08829046D6C008233DB /* FirebaseFirestoreSwift in Frameworks */ = {isa = PBXBuildFile; productRef = 0417D08729046D6C008233DB /* FirebaseFirestoreSwift */; };
		0417D08B2908329F008233DB /* costumLoginButtons.swift in Sources */ = {isa = PBXBuildFile; fileRef = 0417D08A2908329F008233DB /* costumLoginButtons.swift */; };
		0417D08D29095D6D008233DB /* createNewUserViewController.swift in Sources */ = {isa = PBXBuildFile; fileRef = 0417D08C29095D6D008233DB /* createNewUserViewController.swift */; };
		0417D08F2909AB3D008233DB /* UsersTableViewController.swift in Sources */ = {isa = PBXBuildFile; fileRef = 0417D08E2909AB3D008233DB /* UsersTableViewController.swift */; };
		0417D0912909ADCA008233DB /* UserTableViewCell.swift in Sources */ = {isa = PBXBuildFile; fileRef = 0417D0902909ADCA008233DB /* UserTableViewCell.swift */; };
		04353BEF292C0A7100226EED /* UserModulesTableViewController.swift in Sources */ = {isa = PBXBuildFile; fileRef = 04353BEE292C0A7100226EED /* UserModulesTableViewController.swift */; };
		049CC7832938FFA500772DF2 /* UITabBarControllerMainViewController.swift in Sources */ = {isa = PBXBuildFile; fileRef = 049CC7822938FFA500772DF2 /* UITabBarControllerMainViewController.swift */; };
		049CC78529390EE100772DF2 /* UserModulesViewCell.swift in Sources */ = {isa = PBXBuildFile; fileRef = 049CC78429390EE100772DF2 /* UserModulesViewCell.swift */; };
		04CAC5672942718600E0E9D6 /* ModulesViewCell.swift in Sources */ = {isa = PBXBuildFile; fileRef = 04CAC5662942718600E0E9D6 /* ModulesViewCell.swift */; };
		04CAC569294271CF00E0E9D6 /* ModulesTableViewController.swift in Sources */ = {isa = PBXBuildFile; fileRef = 04CAC568294271CF00E0E9D6 /* ModulesTableViewController.swift */; };
		04CAC56B2946860F00E0E9D6 /* SelfieViewController.swift in Sources */ = {isa = PBXBuildFile; fileRef = 04CAC56A2946860F00E0E9D6 /* SelfieViewController.swift */; };
		04CAC56E2950D99100E0E9D6 /* FirebaseStorage in Frameworks */ = {isa = PBXBuildFile; productRef = 04CAC56D2950D99100E0E9D6 /* FirebaseStorage */; };
		04DDD621290A8ECA00D28F2A /* Module.swift in Sources */ = {isa = PBXBuildFile; fileRef = 04DDD620290A8ECA00D28F2A /* Module.swift */; };
		04DDD623290A8F8500D28F2A /* Position.swift in Sources */ = {isa = PBXBuildFile; fileRef = 04DDD622290A8F8500D28F2A /* Position.swift */; };
		04DDD625290A8FCA00D28F2A /* Size.swift in Sources */ = {isa = PBXBuildFile; fileRef = 04DDD624290A8FCA00D28F2A /* Size.swift */; };
		04DDD629290AF88500D28F2A /* pinCodeController.swift in Sources */ = {isa = PBXBuildFile; fileRef = 04DDD628290AF88500D28F2A /* pinCodeController.swift */; };
		04DDD62B290C17C200D28F2A /* Encrypt.swift in Sources */ = {isa = PBXBuildFile; fileRef = 04DDD62A290C17C200D28F2A /* Encrypt.swift */; };
		04FAF0E22958C9C300E6E721 /* AddNewModuleTableViewController.swift in Sources */ = {isa = PBXBuildFile; fileRef = 04FAF0E12958C9C300E6E721 /* AddNewModuleTableViewController.swift */; };
		04FAF0EA295A47A500E6E721 /* FieldToAddModuleViewCell.swift in Sources */ = {isa = PBXBuildFile; fileRef = 04FAF0E9295A47A500E6E721 /* FieldToAddModuleViewCell.swift */; };
/* End PBXBuildFile section */

/* Begin PBXFileReference section */
		0417D06429007365008233DB /* smartmirrorApp.app */ = {isa = PBXFileReference; explicitFileType = wrapper.application; includeInIndex = 0; path = smartmirrorApp.app; sourceTree = BUILT_PRODUCTS_DIR; };
		0417D06729007365008233DB /* AppDelegate.swift */ = {isa = PBXFileReference; lastKnownFileType = sourcecode.swift; path = AppDelegate.swift; sourceTree = "<group>"; };
		0417D06929007365008233DB /* SceneDelegate.swift */ = {isa = PBXFileReference; lastKnownFileType = sourcecode.swift; path = SceneDelegate.swift; sourceTree = "<group>"; };
		0417D06E29007365008233DB /* Base */ = {isa = PBXFileReference; lastKnownFileType = file.storyboard; name = Base; path = Base.lproj/Main.storyboard; sourceTree = "<group>"; };
		0417D07029007367008233DB /* Assets.xcassets */ = {isa = PBXFileReference; lastKnownFileType = folder.assetcatalog; path = Assets.xcassets; sourceTree = "<group>"; };
		0417D07329007367008233DB /* Base */ = {isa = PBXFileReference; lastKnownFileType = file.storyboard; name = Base; path = Base.lproj/LaunchScreen.storyboard; sourceTree = "<group>"; };
		0417D07529007367008233DB /* Info.plist */ = {isa = PBXFileReference; lastKnownFileType = text.plist.xml; path = Info.plist; sourceTree = "<group>"; };
		0417D07C2902FEEF008233DB /* User.swift */ = {isa = PBXFileReference; lastKnownFileType = sourcecode.swift; path = User.swift; sourceTree = "<group>"; };
		0417D08029046A51008233DB /* GoogleService-Info.plist */ = {isa = PBXFileReference; fileEncoding = 4; lastKnownFileType = text.plist.xml; path = "GoogleService-Info.plist"; sourceTree = "<group>"; };
		0417D08A2908329F008233DB /* costumLoginButtons.swift */ = {isa = PBXFileReference; lastKnownFileType = sourcecode.swift; path = costumLoginButtons.swift; sourceTree = "<group>"; };
		0417D08C29095D6D008233DB /* createNewUserViewController.swift */ = {isa = PBXFileReference; lastKnownFileType = sourcecode.swift; path = createNewUserViewController.swift; sourceTree = "<group>"; };
		0417D08E2909AB3D008233DB /* UsersTableViewController.swift */ = {isa = PBXFileReference; lastKnownFileType = sourcecode.swift; path = UsersTableViewController.swift; sourceTree = "<group>"; };
		0417D0902909ADCA008233DB /* UserTableViewCell.swift */ = {isa = PBXFileReference; lastKnownFileType = sourcecode.swift; path = UserTableViewCell.swift; sourceTree = "<group>"; };
		04353BEE292C0A7100226EED /* UserModulesTableViewController.swift */ = {isa = PBXFileReference; fileEncoding = 4; lastKnownFileType = sourcecode.swift; path = UserModulesTableViewController.swift; sourceTree = "<group>"; };
		049CC7822938FFA500772DF2 /* UITabBarControllerMainViewController.swift */ = {isa = PBXFileReference; lastKnownFileType = sourcecode.swift; path = UITabBarControllerMainViewController.swift; sourceTree = "<group>"; };
		049CC78429390EE100772DF2 /* UserModulesViewCell.swift */ = {isa = PBXFileReference; lastKnownFileType = sourcecode.swift; path = UserModulesViewCell.swift; sourceTree = "<group>"; };
		04CAC5662942718600E0E9D6 /* ModulesViewCell.swift */ = {isa = PBXFileReference; lastKnownFileType = sourcecode.swift; path = ModulesViewCell.swift; sourceTree = "<group>"; };
		04CAC568294271CF00E0E9D6 /* ModulesTableViewController.swift */ = {isa = PBXFileReference; lastKnownFileType = sourcecode.swift; path = ModulesTableViewController.swift; sourceTree = "<group>"; };
		04CAC56A2946860F00E0E9D6 /* SelfieViewController.swift */ = {isa = PBXFileReference; lastKnownFileType = sourcecode.swift; path = SelfieViewController.swift; sourceTree = "<group>"; };
		04DDD620290A8ECA00D28F2A /* Module.swift */ = {isa = PBXFileReference; lastKnownFileType = sourcecode.swift; path = Module.swift; sourceTree = "<group>"; };
		04DDD622290A8F8500D28F2A /* Position.swift */ = {isa = PBXFileReference; lastKnownFileType = sourcecode.swift; path = Position.swift; sourceTree = "<group>"; };
		04DDD624290A8FCA00D28F2A /* Size.swift */ = {isa = PBXFileReference; lastKnownFileType = sourcecode.swift; path = Size.swift; sourceTree = "<group>"; };
		04DDD628290AF88500D28F2A /* pinCodeController.swift */ = {isa = PBXFileReference; lastKnownFileType = sourcecode.swift; path = pinCodeController.swift; sourceTree = "<group>"; };
		04DDD62A290C17C200D28F2A /* Encrypt.swift */ = {isa = PBXFileReference; lastKnownFileType = sourcecode.swift; path = Encrypt.swift; sourceTree = "<group>"; };
		04FAF0E12958C9C300E6E721 /* AddNewModuleTableViewController.swift */ = {isa = PBXFileReference; lastKnownFileType = sourcecode.swift; path = AddNewModuleTableViewController.swift; sourceTree = "<group>"; };
		04FAF0E9295A47A500E6E721 /* FieldToAddModuleViewCell.swift */ = {isa = PBXFileReference; lastKnownFileType = sourcecode.swift; path = FieldToAddModuleViewCell.swift; sourceTree = "<group>"; };
/* End PBXFileReference section */

/* Begin PBXFrameworksBuildPhase section */
		0417D06129007365008233DB /* Frameworks */ = {
			isa = PBXFrameworksBuildPhase;
			buildActionMask = 2147483647;
			files = (
				0417D08429046D6C008233DB /* FirebaseFirestore in Frameworks */,
				04CAC56E2950D99100E0E9D6 /* FirebaseStorage in Frameworks */,
				0417D08629046D6C008233DB /* FirebaseFirestoreCombine-Community in Frameworks */,
				0417D08829046D6C008233DB /* FirebaseFirestoreSwift in Frameworks */,
			);
			runOnlyForDeploymentPostprocessing = 0;
		};
/* End PBXFrameworksBuildPhase section */

/* Begin PBXGroup section */
		0417D05B29007365008233DB = {
			isa = PBXGroup;
			children = (
				0417D06629007365008233DB /* smartmirrorApp */,
				0417D06529007365008233DB /* Products */,
				04CAC56C2950D99100E0E9D6 /* Frameworks */,
			);
			sourceTree = "<group>";
		};
		0417D06529007365008233DB /* Products */ = {
			isa = PBXGroup;
			children = (
				0417D06429007365008233DB /* smartmirrorApp.app */,
			);
			name = Products;
			sourceTree = "<group>";
		};
		0417D06629007365008233DB /* smartmirrorApp */ = {
			isa = PBXGroup;
			children = (
				0417D08929083259008233DB /* CostumSwiftui */,
				0417D07B2902FEBA008233DB /* classes */,
				0417D06729007365008233DB /* AppDelegate.swift */,
				0417D06929007365008233DB /* SceneDelegate.swift */,
				0417D06D29007365008233DB /* Main.storyboard */,
				0417D07029007367008233DB /* Assets.xcassets */,
				0417D07229007367008233DB /* LaunchScreen.storyboard */,
				0417D07529007367008233DB /* Info.plist */,
				0417D08029046A51008233DB /* GoogleService-Info.plist */,
				0417D08C29095D6D008233DB /* createNewUserViewController.swift */,
				0417D08E2909AB3D008233DB /* UsersTableViewController.swift */,
				04353BEE292C0A7100226EED /* UserModulesTableViewController.swift */,
				04DDD628290AF88500D28F2A /* pinCodeController.swift */,
				049CC7822938FFA500772DF2 /* UITabBarControllerMainViewController.swift */,
				04CAC568294271CF00E0E9D6 /* ModulesTableViewController.swift */,
				04CAC56A2946860F00E0E9D6 /* SelfieViewController.swift */,
				04FAF0E12958C9C300E6E721 /* AddNewModuleTableViewController.swift */,
			);
			path = smartmirrorApp;
			sourceTree = "<group>";
		};
		0417D07B2902FEBA008233DB /* classes */ = {
			isa = PBXGroup;
			children = (
				0417D07C2902FEEF008233DB /* User.swift */,
				04DDD620290A8ECA00D28F2A /* Module.swift */,
				04DDD622290A8F8500D28F2A /* Position.swift */,
				04DDD624290A8FCA00D28F2A /* Size.swift */,
				04DDD62A290C17C200D28F2A /* Encrypt.swift */,
			);
			path = classes;
			sourceTree = "<group>";
		};
		0417D08929083259008233DB /* CostumSwiftui */ = {
			isa = PBXGroup;
			children = (
				0417D08A2908329F008233DB /* costumLoginButtons.swift */,
				0417D0902909ADCA008233DB /* UserTableViewCell.swift */,
				049CC78429390EE100772DF2 /* UserModulesViewCell.swift */,
				04CAC5662942718600E0E9D6 /* ModulesViewCell.swift */,
				04FAF0E9295A47A500E6E721 /* FieldToAddModuleViewCell.swift */,
			);
			path = CostumSwiftui;
			sourceTree = "<group>";
		};
		04CAC56C2950D99100E0E9D6 /* Frameworks */ = {
			isa = PBXGroup;
			children = (
			);
			name = Frameworks;
			sourceTree = "<group>";
		};
/* End PBXGroup section */

/* Begin PBXNativeTarget section */
		0417D06329007365008233DB /* smartmirrorApp */ = {
			isa = PBXNativeTarget;
			buildConfigurationList = 0417D07829007367008233DB /* Build configuration list for PBXNativeTarget "smartmirrorApp" */;
			buildPhases = (
				0417D06029007365008233DB /* Sources */,
				0417D06129007365008233DB /* Frameworks */,
				0417D06229007365008233DB /* Resources */,
			);
			buildRules = (
			);
			dependencies = (
			);
			name = smartmirrorApp;
			packageProductDependencies = (
				0417D08329046D6C008233DB /* FirebaseFirestore */,
				0417D08529046D6C008233DB /* FirebaseFirestoreCombine-Community */,
				0417D08729046D6C008233DB /* FirebaseFirestoreSwift */,
				04CAC56D2950D99100E0E9D6 /* FirebaseStorage */,
			);
			productName = smartmirrorApp;
			productReference = 0417D06429007365008233DB /* smartmirrorApp.app */;
			productType = "com.apple.product-type.application";
		};
/* End PBXNativeTarget section */

/* Begin PBXProject section */
		0417D05C29007365008233DB /* Project object */ = {
			isa = PBXProject;
			attributes = {
				BuildIndependentTargetsInParallel = 1;
				LastSwiftUpdateCheck = 1400;
				LastUpgradeCheck = 1400;
				TargetAttributes = {
					0417D06329007365008233DB = {
						CreatedOnToolsVersion = 14.0;
					};
				};
			};
			buildConfigurationList = 0417D05F29007365008233DB /* Build configuration list for PBXProject "smartmirrorApp" */;
			compatibilityVersion = "Xcode 14.0";
			developmentRegion = en;
			hasScannedForEncodings = 0;
			knownRegions = (
				en,
				Base,
			);
			mainGroup = 0417D05B29007365008233DB;
			packageReferences = (
				0417D08229046D6C008233DB /* XCRemoteSwiftPackageReference "firebase-ios-sdk" */,
			);
			productRefGroup = 0417D06529007365008233DB /* Products */;
			projectDirPath = "";
			projectRoot = "";
			targets = (
				0417D06329007365008233DB /* smartmirrorApp */,
			);
		};
/* End PBXProject section */

/* Begin PBXResourcesBuildPhase section */
		0417D06229007365008233DB /* Resources */ = {
			isa = PBXResourcesBuildPhase;
			buildActionMask = 2147483647;
			files = (
				0417D07429007367008233DB /* LaunchScreen.storyboard in Resources */,
				0417D08129046A51008233DB /* GoogleService-Info.plist in Resources */,
				0417D07129007367008233DB /* Assets.xcassets in Resources */,
				0417D06F29007365008233DB /* Main.storyboard in Resources */,
			);
			runOnlyForDeploymentPostprocessing = 0;
		};
/* End PBXResourcesBuildPhase section */

/* Begin PBXSourcesBuildPhase section */
		0417D06029007365008233DB /* Sources */ = {
			isa = PBXSourcesBuildPhase;
			buildActionMask = 2147483647;
			files = (
				04CAC56B2946860F00E0E9D6 /* SelfieViewController.swift in Sources */,
				0417D08D29095D6D008233DB /* createNewUserViewController.swift in Sources */,
				0417D07D2902FEEF008233DB /* User.swift in Sources */,
				0417D06829007365008233DB /* AppDelegate.swift in Sources */,
				04FAF0E22958C9C300E6E721 /* AddNewModuleTableViewController.swift in Sources */,
				0417D0912909ADCA008233DB /* UserTableViewCell.swift in Sources */,
				04CAC5672942718600E0E9D6 /* ModulesViewCell.swift in Sources */,
				0417D08B2908329F008233DB /* costumLoginButtons.swift in Sources */,
				04DDD621290A8ECA00D28F2A /* Module.swift in Sources */,
				04DDD625290A8FCA00D28F2A /* Size.swift in Sources */,
				04DDD629290AF88500D28F2A /* pinCodeController.swift in Sources */,
				0417D08F2909AB3D008233DB /* UsersTableViewController.swift in Sources */,
				04CAC569294271CF00E0E9D6 /* ModulesTableViewController.swift in Sources */,
				049CC7832938FFA500772DF2 /* UITabBarControllerMainViewController.swift in Sources */,
				04353BEF292C0A7100226EED /* UserModulesTableViewController.swift in Sources */,
				04DDD62B290C17C200D28F2A /* Encrypt.swift in Sources */,
				0417D06A29007365008233DB /* SceneDelegate.swift in Sources */,
				04DDD623290A8F8500D28F2A /* Position.swift in Sources */,
				04FAF0EA295A47A500E6E721 /* FieldToAddModuleViewCell.swift in Sources */,
				049CC78529390EE100772DF2 /* UserModulesViewCell.swift in Sources */,
			);
			runOnlyForDeploymentPostprocessing = 0;
		};
/* End PBXSourcesBuildPhase section */

/* Begin PBXVariantGroup section */
		0417D06D29007365008233DB /* Main.storyboard */ = {
			isa = PBXVariantGroup;
			children = (
				0417D06E29007365008233DB /* Base */,
			);
			name = Main.storyboard;
			sourceTree = "<group>";
		};
		0417D07229007367008233DB /* LaunchScreen.storyboard */ = {
			isa = PBXVariantGroup;
			children = (
				0417D07329007367008233DB /* Base */,
			);
			name = LaunchScreen.storyboard;
			sourceTree = "<group>";
		};
/* End PBXVariantGroup section */

/* Begin XCBuildConfiguration section */
		0417D07629007367008233DB /* Debug */ = {
			isa = XCBuildConfiguration;
			buildSettings = {
				ALWAYS_SEARCH_USER_PATHS = NO;
				CLANG_ANALYZER_NONNULL = YES;
				CLANG_ANALYZER_NUMBER_OBJECT_CONVERSION = YES_AGGRESSIVE;
				CLANG_CXX_LANGUAGE_STANDARD = "gnu++20";
				CLANG_ENABLE_MODULES = YES;
				CLANG_ENABLE_OBJC_ARC = YES;
				CLANG_ENABLE_OBJC_WEAK = YES;
				CLANG_WARN_BLOCK_CAPTURE_AUTORELEASING = YES;
				CLANG_WARN_BOOL_CONVERSION = YES;
				CLANG_WARN_COMMA = YES;
				CLANG_WARN_CONSTANT_CONVERSION = YES;
				CLANG_WARN_DEPRECATED_OBJC_IMPLEMENTATIONS = YES;
				CLANG_WARN_DIRECT_OBJC_ISA_USAGE = YES_ERROR;
				CLANG_WARN_DOCUMENTATION_COMMENTS = YES;
				CLANG_WARN_EMPTY_BODY = YES;
				CLANG_WARN_ENUM_CONVERSION = YES;
				CLANG_WARN_INFINITE_RECURSION = YES;
				CLANG_WARN_INT_CONVERSION = YES;
				CLANG_WARN_NON_LITERAL_NULL_CONVERSION = YES;
				CLANG_WARN_OBJC_IMPLICIT_RETAIN_SELF = YES;
				CLANG_WARN_OBJC_LITERAL_CONVERSION = YES;
				CLANG_WARN_OBJC_ROOT_CLASS = YES_ERROR;
				CLANG_WARN_QUOTED_INCLUDE_IN_FRAMEWORK_HEADER = YES;
				CLANG_WARN_RANGE_LOOP_ANALYSIS = YES;
				CLANG_WARN_STRICT_PROTOTYPES = YES;
				CLANG_WARN_SUSPICIOUS_MOVE = YES;
				CLANG_WARN_UNGUARDED_AVAILABILITY = YES_AGGRESSIVE;
				CLANG_WARN_UNREACHABLE_CODE = YES;
				CLANG_WARN__DUPLICATE_METHOD_MATCH = YES;
				COPY_PHASE_STRIP = NO;
				DEBUG_INFORMATION_FORMAT = dwarf;
				ENABLE_STRICT_OBJC_MSGSEND = YES;
				ENABLE_TESTABILITY = YES;
				GCC_C_LANGUAGE_STANDARD = gnu11;
				GCC_DYNAMIC_NO_PIC = NO;
				GCC_NO_COMMON_BLOCKS = YES;
				GCC_OPTIMIZATION_LEVEL = 0;
				GCC_PREPROCESSOR_DEFINITIONS = (
					"DEBUG=1",
					"$(inherited)",
				);
				GCC_WARN_64_TO_32_BIT_CONVERSION = YES;
				GCC_WARN_ABOUT_RETURN_TYPE = YES_ERROR;
				GCC_WARN_UNDECLARED_SELECTOR = YES;
				GCC_WARN_UNINITIALIZED_AUTOS = YES_AGGRESSIVE;
				GCC_WARN_UNUSED_FUNCTION = YES;
				GCC_WARN_UNUSED_VARIABLE = YES;
				IPHONEOS_DEPLOYMENT_TARGET = 16.0;
				MTL_ENABLE_DEBUG_INFO = INCLUDE_SOURCE;
				MTL_FAST_MATH = YES;
				ONLY_ACTIVE_ARCH = YES;
				SDKROOT = iphoneos;
				SWIFT_ACTIVE_COMPILATION_CONDITIONS = DEBUG;
				SWIFT_OPTIMIZATION_LEVEL = "-Onone";
			};
			name = Debug;
		};
		0417D07729007367008233DB /* Release */ = {
			isa = XCBuildConfiguration;
			buildSettings = {
				ALWAYS_SEARCH_USER_PATHS = NO;
				CLANG_ANALYZER_NONNULL = YES;
				CLANG_ANALYZER_NUMBER_OBJECT_CONVERSION = YES_AGGRESSIVE;
				CLANG_CXX_LANGUAGE_STANDARD = "gnu++20";
				CLANG_ENABLE_MODULES = YES;
				CLANG_ENABLE_OBJC_ARC = YES;
				CLANG_ENABLE_OBJC_WEAK = YES;
				CLANG_WARN_BLOCK_CAPTURE_AUTORELEASING = YES;
				CLANG_WARN_BOOL_CONVERSION = YES;
				CLANG_WARN_COMMA = YES;
				CLANG_WARN_CONSTANT_CONVERSION = YES;
				CLANG_WARN_DEPRECATED_OBJC_IMPLEMENTATIONS = YES;
				CLANG_WARN_DIRECT_OBJC_ISA_USAGE = YES_ERROR;
				CLANG_WARN_DOCUMENTATION_COMMENTS = YES;
				CLANG_WARN_EMPTY_BODY = YES;
				CLANG_WARN_ENUM_CONVERSION = YES;
				CLANG_WARN_INFINITE_RECURSION = YES;
				CLANG_WARN_INT_CONVERSION = YES;
				CLANG_WARN_NON_LITERAL_NULL_CONVERSION = YES;
				CLANG_WARN_OBJC_IMPLICIT_RETAIN_SELF = YES;
				CLANG_WARN_OBJC_LITERAL_CONVERSION = YES;
				CLANG_WARN_OBJC_ROOT_CLASS = YES_ERROR;
				CLANG_WARN_QUOTED_INCLUDE_IN_FRAMEWORK_HEADER = YES;
				CLANG_WARN_RANGE_LOOP_ANALYSIS = YES;
				CLANG_WARN_STRICT_PROTOTYPES = YES;
				CLANG_WARN_SUSPICIOUS_MOVE = YES;
				CLANG_WARN_UNGUARDED_AVAILABILITY = YES_AGGRESSIVE;
				CLANG_WARN_UNREACHABLE_CODE = YES;
				CLANG_WARN__DUPLICATE_METHOD_MATCH = YES;
				COPY_PHASE_STRIP = NO;
				DEBUG_INFORMATION_FORMAT = "dwarf-with-dsym";
				ENABLE_NS_ASSERTIONS = NO;
				ENABLE_STRICT_OBJC_MSGSEND = YES;
				GCC_C_LANGUAGE_STANDARD = gnu11;
				GCC_NO_COMMON_BLOCKS = YES;
				GCC_WARN_64_TO_32_BIT_CONVERSION = YES;
				GCC_WARN_ABOUT_RETURN_TYPE = YES_ERROR;
				GCC_WARN_UNDECLARED_SELECTOR = YES;
				GCC_WARN_UNINITIALIZED_AUTOS = YES_AGGRESSIVE;
				GCC_WARN_UNUSED_FUNCTION = YES;
				GCC_WARN_UNUSED_VARIABLE = YES;
				IPHONEOS_DEPLOYMENT_TARGET = 16.0;
				MTL_ENABLE_DEBUG_INFO = NO;
				MTL_FAST_MATH = YES;
				SDKROOT = iphoneos;
				SWIFT_COMPILATION_MODE = wholemodule;
				SWIFT_OPTIMIZATION_LEVEL = "-O";
				VALIDATE_PRODUCT = YES;
			};
			name = Release;
		};
		0417D07929007367008233DB /* Debug */ = {
			isa = XCBuildConfiguration;
			buildSettings = {
				ASSETCATALOG_COMPILER_APPICON_NAME = AppIcon;
				ASSETCATALOG_COMPILER_GLOBAL_ACCENT_COLOR_NAME = AccentColor;
				CODE_SIGN_STYLE = Automatic;
				CURRENT_PROJECT_VERSION = 1;
				DEVELOPMENT_TEAM = RNK5CF7K75;
				GENERATE_INFOPLIST_FILE = YES;
				INFOPLIST_FILE = smartmirrorApp/Info.plist;
				INFOPLIST_KEY_UIApplicationSupportsIndirectInputEvents = YES;
				INFOPLIST_KEY_UILaunchStoryboardName = LaunchScreen;
				INFOPLIST_KEY_UIMainStoryboardFile = Main;
				INFOPLIST_KEY_UISupportedInterfaceOrientations_iPad = "UIInterfaceOrientationPortrait UIInterfaceOrientationPortraitUpsideDown UIInterfaceOrientationLandscapeLeft UIInterfaceOrientationLandscapeRight";
				INFOPLIST_KEY_UISupportedInterfaceOrientations_iPhone = "UIInterfaceOrientationPortrait UIInterfaceOrientationLandscapeLeft UIInterfaceOrientationLandscapeRight";
				LD_RUNPATH_SEARCH_PATHS = (
					"$(inherited)",
					"@executable_path/Frameworks",
				);
				MARKETING_VERSION = 1.0;
				PRODUCT_BUNDLE_IDENTIFIER = my.ipleiria.smartmirrorApp;
				PRODUCT_NAME = "$(TARGET_NAME)";
				SWIFT_EMIT_LOC_STRINGS = YES;
				SWIFT_VERSION = 5.0;
				TARGETED_DEVICE_FAMILY = "1,2";
			};
			name = Debug;
		};
		0417D07A29007367008233DB /* Release */ = {
			isa = XCBuildConfiguration;
			buildSettings = {
				ASSETCATALOG_COMPILER_APPICON_NAME = AppIcon;
				ASSETCATALOG_COMPILER_GLOBAL_ACCENT_COLOR_NAME = AccentColor;
				CODE_SIGN_STYLE = Automatic;
				CURRENT_PROJECT_VERSION = 1;
				DEVELOPMENT_TEAM = RNK5CF7K75;
				GENERATE_INFOPLIST_FILE = YES;
				INFOPLIST_FILE = smartmirrorApp/Info.plist;
				INFOPLIST_KEY_UIApplicationSupportsIndirectInputEvents = YES;
				INFOPLIST_KEY_UILaunchStoryboardName = LaunchScreen;
				INFOPLIST_KEY_UIMainStoryboardFile = Main;
				INFOPLIST_KEY_UISupportedInterfaceOrientations_iPad = "UIInterfaceOrientationPortrait UIInterfaceOrientationPortraitUpsideDown UIInterfaceOrientationLandscapeLeft UIInterfaceOrientationLandscapeRight";
				INFOPLIST_KEY_UISupportedInterfaceOrientations_iPhone = "UIInterfaceOrientationPortrait UIInterfaceOrientationLandscapeLeft UIInterfaceOrientationLandscapeRight";
				LD_RUNPATH_SEARCH_PATHS = (
					"$(inherited)",
					"@executable_path/Frameworks",
				);
				MARKETING_VERSION = 1.0;
				PRODUCT_BUNDLE_IDENTIFIER = my.ipleiria.smartmirrorApp;
				PRODUCT_NAME = "$(TARGET_NAME)";
				SWIFT_EMIT_LOC_STRINGS = YES;
				SWIFT_VERSION = 5.0;
				TARGETED_DEVICE_FAMILY = "1,2";
			};
			name = Release;
		};
/* End XCBuildConfiguration section */

/* Begin XCConfigurationList section */
		0417D05F29007365008233DB /* Build configuration list for PBXProject "smartmirrorApp" */ = {
			isa = XCConfigurationList;
			buildConfigurations = (
				0417D07629007367008233DB /* Debug */,
				0417D07729007367008233DB /* Release */,
			);
			defaultConfigurationIsVisible = 0;
			defaultConfigurationName = Release;
		};
		0417D07829007367008233DB /* Build configuration list for PBXNativeTarget "smartmirrorApp" */ = {
			isa = XCConfigurationList;
			buildConfigurations = (
				0417D07929007367008233DB /* Debug */,
				0417D07A29007367008233DB /* Release */,
			);
			defaultConfigurationIsVisible = 0;
			defaultConfigurationName = Release;
		};
/* End XCConfigurationList section */

/* Begin XCRemoteSwiftPackageReference section */
		0417D08229046D6C008233DB /* XCRemoteSwiftPackageReference "firebase-ios-sdk" */ = {
			isa = XCRemoteSwiftPackageReference;
			repositoryURL = "https://github.com/firebase/firebase-ios-sdk";
			requirement = {
				kind = upToNextMajorVersion;
				minimumVersion = 9.0.0;
			};
		};
/* End XCRemoteSwiftPackageReference section */

/* Begin XCSwiftPackageProductDependency section */
		0417D08329046D6C008233DB /* FirebaseFirestore */ = {
			isa = XCSwiftPackageProductDependency;
			package = 0417D08229046D6C008233DB /* XCRemoteSwiftPackageReference "firebase-ios-sdk" */;
			productName = FirebaseFirestore;
		};
		0417D08529046D6C008233DB /* FirebaseFirestoreCombine-Community */ = {
			isa = XCSwiftPackageProductDependency;
			package = 0417D08229046D6C008233DB /* XCRemoteSwiftPackageReference "firebase-ios-sdk" */;
			productName = "FirebaseFirestoreCombine-Community";
		};
		0417D08729046D6C008233DB /* FirebaseFirestoreSwift */ = {
			isa = XCSwiftPackageProductDependency;
			package = 0417D08229046D6C008233DB /* XCRemoteSwiftPackageReference "firebase-ios-sdk" */;
			productName = FirebaseFirestoreSwift;
		};
		04CAC56D2950D99100E0E9D6 /* FirebaseStorage */ = {
			isa = XCSwiftPackageProductDependency;
			package = 0417D08229046D6C008233DB /* XCRemoteSwiftPackageReference "firebase-ios-sdk" */;
			productName = FirebaseStorage;
		};
/* End XCSwiftPackageProductDependency section */
	};
	rootObject = 0417D05C29007365008233DB /* Project object */;
}
